# This file is automatically @generated by Cargo.
# It is not intended for manual editing.
version = 3

[[package]]
name = "lib"
version = "0.1.0"

[[package]]
name = "p001"
version = "0.1.0"
dependencies = [
 "lib",
]

[[package]]
name = "p002"
version = "0.1.0"
dependencies = [
 "lib",
]

[[package]]
name = "p003"
version = "0.1.0"
dependencies = [
 "lib",
]

[[package]]
name = "p004"
version = "0.1.0"
dependencies = [
 "lib",
]

[[package]]
name = "p005"
version = "0.1.0"
dependencies = [
 "lib",
]

[[package]]
name = "p006"
version = "0.1.0"
dependencies = [
 "lib",
]

[[package]]
name = "p007"
version = "0.1.0"
dependencies = [
 "lib",
]

[[package]]
name = "p008"
version = "0.1.0"
dependencies = [
 "lib",
]

[[package]]
name = "p009"
version = "0.1.0"
dependencies = [
 "lib",
]

[[package]]
name = "p010"
version = "0.1.0"
dependencies = [
 "lib",
]

[[package]]
name = "p011"
version = "0.1.0"
dependencies = [
 "lib",
]
